
Microsoft Visual Studio Solution File, Format Version 12.00
# Visual Studio 15
VisualStudioVersion = 15.0.26228.12
MinimumVisualStudioVersion = 10.0.40219.1
Project("{FAE04EC0-301F-11D3-BF4B-00C04F79EFBC}") = "Game Engine", "Game Engine.csproj", "{CBA0E19A-C230-4FD3-B40B-B5E01F4AFE64}"
EndProject
Global
	GlobalSection(SolutionConfigurationPlatforms) = preSolution
		Debug|Any CPU = Debug|Any CPU
		Release|Any CPU = Release|Any CPU
	EndGlobalSection
	GlobalSection(ProjectConfigurationPlatforms) = postSolution
		{CBA0E19A-C230-4FD3-B40B-B5E01F4AFE64}.Debug|Any CPU.ActiveCfg = Debug|Any CPU
		{CBA0E19A-C230-4FD3-B40B-B5E01F4AFE64}.Debug|Any CPU.Build.0 = Debug|Any CPU
		{CBA0E19A-C230-4FD3-B40B-B5E01F4AFE64}.Release|Any CPU.ActiveCfg = Release|Any CPU
		{CBA0E19A-C230-4FD3-B40B-B5E01F4AFE64}.Release|Any CPU.Build.0 = Release|Any CPU
	EndGlobalSection
	GlobalSection(SolutionProperties) = preSolution
		HideSolutionNode = FALSE
	EndGlobalSection
EndGlobal
